PODS:
  - fl_channel (0.0.1):
    - FlutterMacOS
  - FlutterMacOS (1.0.0)

DEPENDENCIES:
  - fl_channel (from `Flutter/ephemeral/.symlinks/plugins/fl_channel/macos`)
  - FlutterMacOS (from `Flutter/ephemeral`)

EXTERNAL SOURCES:
  fl_channel:
    :path: Flutter/ephemeral/.symlinks/plugins/fl_channel/macos
  FlutterMacOS:
    :path: Flutter/ephemeral

SPEC CHECKSUMS:
  fl_channel: 3975f007f95c4f6445f05bac82cd7c59935cc5e3
  FlutterMacOS: 8f6f14fa908a6fb3fba0cd85dbd81ec4b251fb24

PODFILE CHECKSUM: 236401fc2c932af29a9fcf0e97baeeb2d750d367

COCOAPODS: 1.14.3
